dependencies:
  espressif/esp_linenoise:
    component_hash: ca263d605f96362f672b516226a8943aaf42d8e6bc285677bd20dac32514d82c
    dependencies: []
    source:
      registry_url: https://components.espressif.com/
      type: service
    version: 1.0.0
  idf:
    source:
      type: idf
    version: 6.0.0
direct_dependencies:
- espressif/esp_linenoise
- idf
manifest_hash: 7bad0714ed35933bc88a9de78172f7a509f7078bc9912e8b7b6d6f9d5b6a6cd1
target: esp32s2
version: 2.0.0
